
Microsoft Visual Studio Solution File, Format Version 12.00
# Visual Studio 15
VisualStudioVersion = 15.0.28307.572
MinimumVisualStudioVersion = 10.0.40219.1
Project("{FAE04EC0-301F-11D3-BF4B-00C04F79EFBC}") = "Exemplo01", "Exemplo01\Exemplo01.csproj", "{9613543B-EF84-470C-9E96-38C8C9B8C7D2}"
EndProject
Global
	GlobalSection(SolutionConfigurationPlatforms) = preSolution
		Debug|Any CPU = Debug|Any CPU
		Release|Any CPU = Release|Any CPU
	EndGlobalSection
	GlobalSection(ProjectConfigurationPlatforms) = postSolution
		{9613543B-EF84-470C-9E96-38C8C9B8C7D2}.Debug|Any CPU.ActiveCfg = Debug|Any CPU
		{9613543B-EF84-470C-9E96-38C8C9B8C7D2}.Debug|Any CPU.Build.0 = Debug|Any CPU
		{9613543B-EF84-470C-9E96-38C8C9B8C7D2}.Release|Any CPU.ActiveCfg = Release|Any CPU
		{9613543B-EF84-470C-9E96-38C8C9B8C7D2}.Release|Any CPU.Build.0 = Release|Any CPU
	EndGlobalSection
	GlobalSection(SolutionProperties) = preSolution
		HideSolutionNode = FALSE
	EndGlobalSection
	GlobalSection(ExtensibilityGlobals) = postSolution
		SolutionGuid = {F58B7824-4B5C-45F9-AF39-A219D3AA2EAC}
	EndGlobalSection
EndGlobal
